
Microsoft Visual Studio Solution File, Format Version 12.00
# Visual Studio Version 17
VisualStudioVersion = 17.7.34031.279
MinimumVisualStudioVersion = 10.0.40219.1
Project("{FAE04EC0-301F-11D3-BF4B-00C04F79EFBC}") = "User Input GPA Calculator", "User Input GPA Calculator\User Input GPA Calculator.csproj", "{1168F217-5ECF-4150-AAB2-B119038476F1}"
EndProject
Global
	GlobalSection(SolutionConfigurationPlatforms) = preSolution
		Debug|Any CPU = Debug|Any CPU
		Release|Any CPU = Release|Any CPU
	EndGlobalSection
	GlobalSection(ProjectConfigurationPlatforms) = postSolution
		{1168F217-5ECF-4150-AAB2-B119038476F1}.Debug|Any CPU.ActiveCfg = Debug|Any CPU
		{1168F217-5ECF-4150-AAB2-B119038476F1}.Debug|Any CPU.Build.0 = Debug|Any CPU
		{1168F217-5ECF-4150-AAB2-B119038476F1}.Release|Any CPU.ActiveCfg = Release|Any CPU
		{1168F217-5ECF-4150-AAB2-B119038476F1}.Release|Any CPU.Build.0 = Release|Any CPU
	EndGlobalSection
	GlobalSection(SolutionProperties) = preSolution
		HideSolutionNode = FALSE
	EndGlobalSection
	GlobalSection(ExtensibilityGlobals) = postSolution
		SolutionGuid = {B80333D6-5EA3-4E54-A2B8-97BEC5F4E0B7}
	EndGlobalSection
EndGlobal
